Microsoft Visual Studio Solution File, Format Version 12.00
# Visual Studio Version 17
VisualStudioVersion = 17.5.2.0
MinimumVisualStudioVersion = 10.0.40219.1
Project("{FAE04EC0-301F-11D3-BF4B-00C04F79EFBC}") = "MongoWorkerService", "MongoWorkerService.csproj", "{D7AD6D54-9F2F-F8BF-8B65-CDB28782C2AF}"
EndProject
Global
	GlobalSection(SolutionConfigurationPlatforms) = preSolution
		Debug|Any CPU = Debug|Any CPU
		Release|Any CPU = Release|Any CPU
	EndGlobalSection
	GlobalSection(ProjectConfigurationPlatforms) = postSolution
		{D7AD6D54-9F2F-F8BF-8B65-CDB28782C2AF}.Debug|Any CPU.ActiveCfg = Debug|Any CPU
		{D7AD6D54-9F2F-F8BF-8B65-CDB28782C2AF}.Debug|Any CPU.Build.0 = Debug|Any CPU
		{D7AD6D54-9F2F-F8BF-8B65-CDB28782C2AF}.Release|Any CPU.ActiveCfg = Release|Any CPU
		{D7AD6D54-9F2F-F8BF-8B65-CDB28782C2AF}.Release|Any CPU.Build.0 = Release|Any CPU
	EndGlobalSection
	GlobalSection(SolutionProperties) = preSolution
		HideSolutionNode = FALSE
	EndGlobalSection
	GlobalSection(ExtensibilityGlobals) = postSolution
		SolutionGuid = {5389BA1B-9443-45E8-8A1E-13AEF3485EA1}
	EndGlobalSection
EndGlobal
